
Microsoft Visual Studio Solution File, Format Version 12.00
# Visual Studio Version 16
VisualStudioVersion = 16.0.30517.126
MinimumVisualStudioVersion = 10.0.40219.1
Project("{8BC9CEB8-8B4A-11D0-8D11-00A0C91BC942}") = "PlayerDemo", "PlayerDemo.vcxproj", "{798299BA-3D78-48ED-9FFA-40D1D2979781}"
EndProject
Global
	GlobalSection(SolutionConfigurationPlatforms) = preSolution
		Debug|x64 = Debug|x64
		Release|x64 = Release|x64
	EndGlobalSection
	GlobalSection(ProjectConfigurationPlatforms) = postSolution
		{798299BA-3D78-48ED-9FFA-40D1D2979781}.Debug|x64.ActiveCfg = Debug|x64
		{798299BA-3D78-48ED-9FFA-40D1D2979781}.Debug|x64.Build.0 = Debug|x64
		{798299BA-3D78-48ED-9FFA-40D1D2979781}.Release|x64.ActiveCfg = Release|x64
		{798299BA-3D78-48ED-9FFA-40D1D2979781}.Release|x64.Build.0 = Release|x64
	EndGlobalSection
	GlobalSection(SolutionProperties) = preSolution
		HideSolutionNode = FALSE
	EndGlobalSection
	GlobalSection(ExtensibilityGlobals) = postSolution
		SolutionGuid = {071578C2-3C80-4828-8636-649117DD8CD2}
	EndGlobalSection
EndGlobal
